// !$*UTF8*$!
{
	archiveVersion = 1;
	classes = {
	};
	objectVersion = 50;
	objects = {

/* Begin PBXBuildFile section */
		F342AB262363DD05001BFA6A /* AppDelegate.swift in Sources */ = {isa = PBXBuildFile; fileRef = F342AB252363DD05001BFA6A /* AppDelegate.swift */; };
		F342AB282363DD05001BFA6A /* SceneDelegate.swift in Sources */ = {isa = PBXBuildFile; fileRef = F342AB272363DD05001BFA6A /* SceneDelegate.swift */; };
		F342AB2A2363DD05001BFA6A /* ViewController.swift in Sources */ = {isa = PBXBuildFile; fileRef = F342AB292363DD05001BFA6A /* ViewController.swift */; };
		F342AB2F2363DD06001BFA6A /* Assets.xcassets in Resources */ = {isa = PBXBuildFile; fileRef = F342AB2E2363DD06001BFA6A /* Assets.xcassets */; };
		F342AB322363DD06001BFA6A /* LaunchScreen.storyboard in Resources */ = {isa = PBXBuildFile; fileRef = F342AB302363DD06001BFA6A /* LaunchScreen.storyboard */; };
		F342AB3D2363DD07001BFA6A /* Albums_ChallengeTests.swift in Sources */ = {isa = PBXBuildFile; fileRef = F342AB3C2363DD07001BFA6A /* Albums_ChallengeTests.swift */; };
		F342AB502363ECD5001BFA6A /* HomePresenter.swift in Sources */ = {isa = PBXBuildFile; fileRef = F342AB492363ECD5001BFA6A /* HomePresenter.swift */; };
		F342AB512363ECD5001BFA6A /* HomeWorker.swift in Sources */ = {isa = PBXBuildFile; fileRef = F342AB4A2363ECD5001BFA6A /* HomeWorker.swift */; };
		F342AB522363ECD5001BFA6A /* HomeUseCases.swift in Sources */ = {isa = PBXBuildFile; fileRef = F342AB4B2363ECD5001BFA6A /* HomeUseCases.swift */; };
		F342AB532363ECD5001BFA6A /* HomeRouter.swift in Sources */ = {isa = PBXBuildFile; fileRef = F342AB4C2363ECD5001BFA6A /* HomeRouter.swift */; };
		F342AB542363ECD5001BFA6A /* HomeViewController.swift in Sources */ = {isa = PBXBuildFile; fileRef = F342AB4D2363ECD5001BFA6A /* HomeViewController.swift */; };
		F342AB552363ECD5001BFA6A /* HomeInteractor.swift in Sources */ = {isa = PBXBuildFile; fileRef = F342AB4E2363ECD5001BFA6A /* HomeInteractor.swift */; };
		F35A70CA2366E9CB001FC52C /* CustomImageView.swift in Sources */ = {isa = PBXBuildFile; fileRef = F35A70C92366E9CB001FC52C /* CustomImageView.swift */; };
		F35A70CC2366EA35001FC52C /* ImageCache.swift in Sources */ = {isa = PBXBuildFile; fileRef = F35A70CB2366EA35001FC52C /* ImageCache.swift */; };
		F35A70CE2366EB61001FC52C /* AlbumDetailViewController+extensions.swift in Sources */ = {isa = PBXBuildFile; fileRef = F35A70CD2366EB61001FC52C /* AlbumDetailViewController+extensions.swift */; };
		F35A70D12366EF21001FC52C /* Constants.swift in Sources */ = {isa = PBXBuildFile; fileRef = F35A70D02366EF21001FC52C /* Constants.swift */; };
		F37D685B2363F366002D9BA4 /* Response.swift in Sources */ = {isa = PBXBuildFile; fileRef = F37D685A2363F366002D9BA4 /* Response.swift */; };
		F37D685D2363F400002D9BA4 /* Feed.swift in Sources */ = {isa = PBXBuildFile; fileRef = F37D685C2363F400002D9BA4 /* Feed.swift */; };
		F37D685F2363F4A3002D9BA4 /* Author.swift in Sources */ = {isa = PBXBuildFile; fileRef = F37D685E2363F4A3002D9BA4 /* Author.swift */; };
		F37D68612363F560002D9BA4 /* Albums.swift in Sources */ = {isa = PBXBuildFile; fileRef = F37D68602363F560002D9BA4 /* Albums.swift */; };
		F37D68642363F6C8002D9BA4 /* Genres.swift in Sources */ = {isa = PBXBuildFile; fileRef = F37D68632363F6C8002D9BA4 /* Genres.swift */; };
		F37D68662363F770002D9BA4 /* Links.swift in Sources */ = {isa = PBXBuildFile; fileRef = F37D68652363F770002D9BA4 /* Links.swift */; };
		F37D68682363FEE9002D9BA4 /* NetworkManager.swift in Sources */ = {isa = PBXBuildFile; fileRef = F37D68672363FEE9002D9BA4 /* NetworkManager.swift */; };
		F37D686B236400C5002D9BA4 /* Loading.swift in Sources */ = {isa = PBXBuildFile; fileRef = F37D686A236400C5002D9BA4 /* Loading.swift */; };
		F37D686D23641266002D9BA4 /* AlbumView.swift in Sources */ = {isa = PBXBuildFile; fileRef = F37D686C23641266002D9BA4 /* AlbumView.swift */; };
		F37D6870236413B2002D9BA4 /* UIView.swift in Sources */ = {isa = PBXBuildFile; fileRef = F37D686F236413B2002D9BA4 /* UIView.swift */; };
		F37D687323641683002D9BA4 /* AlbumCell.swift in Sources */ = {isa = PBXBuildFile; fileRef = F37D687223641683002D9BA4 /* AlbumCell.swift */; };
		F37D687523642083002D9BA4 /* HomeViewController+TableView.swift in Sources */ = {isa = PBXBuildFile; fileRef = F37D687423642083002D9BA4 /* HomeViewController+TableView.swift */; };
		F37D688E2364D6F5002D9BA4 /* DetailView.swift in Sources */ = {isa = PBXBuildFile; fileRef = F37D688D2364D6F5002D9BA4 /* DetailView.swift */; };
		F3FAE0BF236507610036E0CA /* AlbumDetailRouter.swift in Sources */ = {isa = PBXBuildFile; fileRef = F3FAE0B8236507610036E0CA /* AlbumDetailRouter.swift */; };
		F3FAE0C0236507610036E0CA /* AlbumDetailViewController.swift in Sources */ = {isa = PBXBuildFile; fileRef = F3FAE0B9236507610036E0CA /* AlbumDetailViewController.swift */; };
		F3FAE0C1236507610036E0CA /* AlbumDetailInteractor.swift in Sources */ = {isa = PBXBuildFile; fileRef = F3FAE0BA236507610036E0CA /* AlbumDetailInteractor.swift */; };
/* End PBXBuildFile section */

/* Begin PBXContainerItemProxy section */
		F342AB392363DD07001BFA6A /* PBXContainerItemProxy */ = {
			isa = PBXContainerItemProxy;
			containerPortal = F342AB1A2363DD05001BFA6A /* Project object */;
			proxyType = 1;
			remoteGlobalIDString = F342AB212363DD05001BFA6A;
			remoteInfo = "Albums-Challenge";
		};
/* End PBXContainerItemProxy section */

/* Begin PBXFileReference section */
		F342AB222363DD05001BFA6A /* Albums-Challenge.app */ = {isa = PBXFileReference; explicitFileType = wrapper.application; includeInIndex = 0; path = "Albums-Challenge.app"; sourceTree = BUILT_PRODUCTS_DIR; };
		F342AB252363DD05001BFA6A /* AppDelegate.swift */ = {isa = PBXFileReference; lastKnownFileType = sourcecode.swift; path = AppDelegate.swift; sourceTree = "<group>"; };
		F342AB272363DD05001BFA6A /* SceneDelegate.swift */ = {isa = PBXFileReference; lastKnownFileType = sourcecode.swift; path = SceneDelegate.swift; sourceTree = "<group>"; };
		F342AB292363DD05001BFA6A /* ViewController.swift */ = {isa = PBXFileReference; lastKnownFileType = sourcecode.swift; path = ViewController.swift; sourceTree = "<group>"; };
		F342AB2E2363DD06001BFA6A /* Assets.xcassets */ = {isa = PBXFileReference; lastKnownFileType = folder.assetcatalog; path = Assets.xcassets; sourceTree = "<group>"; };
		F342AB312363DD06001BFA6A /* Base */ = {isa = PBXFileReference; lastKnownFileType = file.storyboard; name = Base; path = Base.lproj/LaunchScreen.storyboard; sourceTree = "<group>"; };
		F342AB332363DD06001BFA6A /* Info.plist */ = {isa = PBXFileReference; lastKnownFileType = text.plist.xml; path = Info.plist; sourceTree = "<group>"; };
		F342AB382363DD07001BFA6A /* Albums-ChallengeTests.xctest */ = {isa = PBXFileReference; explicitFileType = wrapper.cfbundle; includeInIndex = 0; path = "Albums-ChallengeTests.xctest"; sourceTree = BUILT_PRODUCTS_DIR; };
		F342AB3C2363DD07001BFA6A /* Albums_ChallengeTests.swift */ = {isa = PBXFileReference; lastKnownFileType = sourcecode.swift; path = Albums_ChallengeTests.swift; sourceTree = "<group>"; };
		F342AB3E2363DD07001BFA6A /* Info.plist */ = {isa = PBXFileReference; lastKnownFileType = text.plist.xml; path = Info.plist; sourceTree = "<group>"; };
		F342AB492363ECD5001BFA6A /* HomePresenter.swift */ = {isa = PBXFileReference; lastKnownFileType = sourcecode.swift; path = HomePresenter.swift; sourceTree = "<group>"; };
		F342AB4A2363ECD5001BFA6A /* HomeWorker.swift */ = {isa = PBXFileReference; lastKnownFileType = sourcecode.swift; path = HomeWorker.swift; sourceTree = "<group>"; };
		F342AB4B2363ECD5001BFA6A /* HomeUseCases.swift */ = {isa = PBXFileReference; lastKnownFileType = sourcecode.swift; path = HomeUseCases.swift; sourceTree = "<group>"; };
		F342AB4C2363ECD5001BFA6A /* HomeRouter.swift */ = {isa = PBXFileReference; lastKnownFileType = sourcecode.swift; path = HomeRouter.swift; sourceTree = "<group>"; };
		F342AB4D2363ECD5001BFA6A /* HomeViewController.swift */ = {isa = PBXFileReference; lastKnownFileType = sourcecode.swift; path = HomeViewController.swift; sourceTree = "<group>"; };
		F342AB4E2363ECD5001BFA6A /* HomeInteractor.swift */ = {isa = PBXFileReference; lastKnownFileType = sourcecode.swift; path = HomeInteractor.swift; sourceTree = "<group>"; };
		F35A70C92366E9CB001FC52C /* CustomImageView.swift */ = {isa = PBXFileReference; lastKnownFileType = sourcecode.swift; path = CustomImageView.swift; sourceTree = "<group>"; };
		F35A70CB2366EA35001FC52C /* ImageCache.swift */ = {isa = PBXFileReference; lastKnownFileType = sourcecode.swift; path = ImageCache.swift; sourceTree = "<group>"; };
		F35A70CD2366EB61001FC52C /* AlbumDetailViewController+extensions.swift */ = {isa = PBXFileReference; lastKnownFileType = sourcecode.swift; path = "AlbumDetailViewController+extensions.swift"; sourceTree = "<group>"; };
		F35A70D02366EF21001FC52C /* Constants.swift */ = {isa = PBXFileReference; lastKnownFileType = sourcecode.swift; path = Constants.swift; sourceTree = "<group>"; };
		F37D685A2363F366002D9BA4 /* Response.swift */ = {isa = PBXFileReference; lastKnownFileType = sourcecode.swift; path = Response.swift; sourceTree = "<group>"; };
		F37D685C2363F400002D9BA4 /* Feed.swift */ = {isa = PBXFileReference; lastKnownFileType = sourcecode.swift; path = Feed.swift; sourceTree = "<group>"; };
		F37D685E2363F4A3002D9BA4 /* Author.swift */ = {isa = PBXFileReference; lastKnownFileType = sourcecode.swift; path = Author.swift; sourceTree = "<group>"; };
		F37D68602363F560002D9BA4 /* Albums.swift */ = {isa = PBXFileReference; lastKnownFileType = sourcecode.swift; path = Albums.swift; sourceTree = "<group>"; };
		F37D68632363F6C8002D9BA4 /* Genres.swift */ = {isa = PBXFileReference; lastKnownFileType = sourcecode.swift; path = Genres.swift; sourceTree = "<group>"; };
		F37D68652363F770002D9BA4 /* Links.swift */ = {isa = PBXFileReference; lastKnownFileType = sourcecode.swift; path = Links.swift; sourceTree = "<group>"; };
		F37D68672363FEE9002D9BA4 /* NetworkManager.swift */ = {isa = PBXFileReference; lastKnownFileType = sourcecode.swift; path = NetworkManager.swift; sourceTree = "<group>"; };
		F37D686A236400C5002D9BA4 /* Loading.swift */ = {isa = PBXFileReference; lastKnownFileType = sourcecode.swift; path = Loading.swift; sourceTree = "<group>"; };
		F37D686C23641266002D9BA4 /* AlbumView.swift */ = {isa = PBXFileReference; lastKnownFileType = sourcecode.swift; path = AlbumView.swift; sourceTree = "<group>"; };
		F37D686F236413B2002D9BA4 /* UIView.swift */ = {isa = PBXFileReference; lastKnownFileType = sourcecode.swift; path = UIView.swift; sourceTree = "<group>"; };
		F37D687223641683002D9BA4 /* AlbumCell.swift */ = {isa = PBXFileReference; lastKnownFileType = sourcecode.swift; path = AlbumCell.swift; sourceTree = "<group>"; };
		F37D687423642083002D9BA4 /* HomeViewController+TableView.swift */ = {isa = PBXFileReference; lastKnownFileType = sourcecode.swift; path = "HomeViewController+TableView.swift"; sourceTree = "<group>"; };
		F37D688D2364D6F5002D9BA4 /* DetailView.swift */ = {isa = PBXFileReference; lastKnownFileType = sourcecode.swift; path = DetailView.swift; sourceTree = "<group>"; };
		F3FAE0B8236507610036E0CA /* AlbumDetailRouter.swift */ = {isa = PBXFileReference; lastKnownFileType = sourcecode.swift; path = AlbumDetailRouter.swift; sourceTree = "<group>"; };
		F3FAE0B9236507610036E0CA /* AlbumDetailViewController.swift */ = {isa = PBXFileReference; lastKnownFileType = sourcecode.swift; path = AlbumDetailViewController.swift; sourceTree = "<group>"; };
		F3FAE0BA236507610036E0CA /* AlbumDetailInteractor.swift */ = {isa = PBXFileReference; lastKnownFileType = sourcecode.swift; path = AlbumDetailInteractor.swift; sourceTree = "<group>"; };
/* End PBXFileReference section */

/* Begin PBXFrameworksBuildPhase section */
		F342AB1F2363DD05001BFA6A /* Frameworks */ = {
			isa = PBXFrameworksBuildPhase;
			buildActionMask = 2147483647;
			files = (
			);
			runOnlyForDeploymentPostprocessing = 0;
		};
		F342AB352363DD07001BFA6A /* Frameworks */ = {
			isa = PBXFrameworksBuildPhase;
			buildActionMask = 2147483647;
			files = (
			);
			runOnlyForDeploymentPostprocessing = 0;
		};
/* End PBXFrameworksBuildPhase section */

/* Begin PBXGroup section */
		F342AB192363DD05001BFA6A = {
			isa = PBXGroup;
			children = (
				F342AB242363DD05001BFA6A /* Albums-Challenge */,
				F342AB3B2363DD07001BFA6A /* Albums-ChallengeTests */,
				F342AB232363DD05001BFA6A /* Products */,
			);
			sourceTree = "<group>";
		};
		F342AB232363DD05001BFA6A /* Products */ = {
			isa = PBXGroup;
			children = (
				F342AB222363DD05001BFA6A /* Albums-Challenge.app */,
				F342AB382363DD07001BFA6A /* Albums-ChallengeTests.xctest */,
			);
			name = Products;
			sourceTree = "<group>";
		};
		F342AB242363DD05001BFA6A /* Albums-Challenge */ = {
			isa = PBXGroup;
			children = (
				F342AB472363EB24001BFA6A /* Common */,
				F342AB482363EB3C001BFA6A /* Scenes */,
				F342AB252363DD05001BFA6A /* AppDelegate.swift */,
				F342AB272363DD05001BFA6A /* SceneDelegate.swift */,
				F342AB292363DD05001BFA6A /* ViewController.swift */,
				F342AB2E2363DD06001BFA6A /* Assets.xcassets */,
				F342AB302363DD06001BFA6A /* LaunchScreen.storyboard */,
				F342AB332363DD06001BFA6A /* Info.plist */,
			);
			path = "Albums-Challenge";
			sourceTree = "<group>";
		};
		F342AB3B2363DD07001BFA6A /* Albums-ChallengeTests */ = {
			isa = PBXGroup;
			children = (
				F342AB3C2363DD07001BFA6A /* Albums_ChallengeTests.swift */,
				F342AB3E2363DD07001BFA6A /* Info.plist */,
			);
			path = "Albums-ChallengeTests";
			sourceTree = "<group>";
		};
		F342AB472363EB24001BFA6A /* Common */ = {
			isa = PBXGroup;
			children = (
				F35A70CF2366EF07001FC52C /* Constants */,
				F37D686E23641393002D9BA4 /* Extensions */,
				F37D6869236400B1002D9BA4 /* Views */,
			);
			path = Common;
			sourceTree = "<group>";
		};
		F342AB482363EB3C001BFA6A /* Scenes */ = {
			isa = PBXGroup;
			children = (
				F37D68762364D571002D9BA4 /* Home */,
				F37D68772364D57F002D9BA4 /* Detail */,
			);
			path = Scenes;
			sourceTree = "<group>";
		};
		F342AB572363EE60001BFA6A /* Data */ = {
			isa = PBXGroup;
			children = (
				F342AB5B2363EF88001BFA6A /* Worker */,
				F342AB5A2363EF80001BFA6A /* Entities */,
			);
			path = Data;
			sourceTree = "<group>";
		};
		F342AB582363EE66001BFA6A /* Domain */ = {
			isa = PBXGroup;
			children = (
				F342AB492363ECD5001BFA6A /* HomePresenter.swift */,
				F342AB4E2363ECD5001BFA6A /* HomeInteractor.swift */,
				F342AB4B2363ECD5001BFA6A /* HomeUseCases.swift */,
			);
			path = Domain;
			sourceTree = "<group>";
		};
		F342AB592363EE6E001BFA6A /* Presentation */ = {
			isa = PBXGroup;
			children = (
				F37D68712364166D002D9BA4 /* Views */,
				F342AB4C2363ECD5001BFA6A /* HomeRouter.swift */,
				F342AB4D2363ECD5001BFA6A /* HomeViewController.swift */,
				F37D687423642083002D9BA4 /* HomeViewController+TableView.swift */,
			);
			path = Presentation;
			sourceTree = "<group>";
		};
		F342AB5A2363EF80001BFA6A /* Entities */ = {
			isa = PBXGroup;
			children = (
				F37D685A2363F366002D9BA4 /* Response.swift */,
				F37D685C2363F400002D9BA4 /* Feed.swift */,
				F37D685E2363F4A3002D9BA4 /* Author.swift */,
				F37D68602363F560002D9BA4 /* Albums.swift */,
				F37D68632363F6C8002D9BA4 /* Genres.swift */,
				F37D68652363F770002D9BA4 /* Links.swift */,
			);
			path = Entities;
			sourceTree = "<group>";
		};
		F342AB5B2363EF88001BFA6A /* Worker */ = {
			isa = PBXGroup;
			children = (
				F342AB4A2363ECD5001BFA6A /* HomeWorker.swift */,
				F37D68672363FEE9002D9BA4 /* NetworkManager.swift */,
			);
			path = Worker;
			sourceTree = "<group>";
		};
		F35A70CF2366EF07001FC52C /* Constants */ = {
			isa = PBXGroup;
			children = (
				F35A70D02366EF21001FC52C /* Constants.swift */,
			);
			path = Constants;
			sourceTree = "<group>";
		};
		F37D6869236400B1002D9BA4 /* Views */ = {
			isa = PBXGroup;
			children = (
				F37D686A236400C5002D9BA4 /* Loading.swift */,
				F35A70C92366E9CB001FC52C /* CustomImageView.swift */,
				F35A70CB2366EA35001FC52C /* ImageCache.swift */,
			);
			path = Views;
			sourceTree = "<group>";
		};
		F37D686E23641393002D9BA4 /* Extensions */ = {
			isa = PBXGroup;
			children = (
				F37D686F236413B2002D9BA4 /* UIView.swift */,
			);
			path = Extensions;
			sourceTree = "<group>";
		};
		F37D68712364166D002D9BA4 /* Views */ = {
			isa = PBXGroup;
			children = (
				F37D686C23641266002D9BA4 /* AlbumView.swift */,
				F37D687223641683002D9BA4 /* AlbumCell.swift */,
			);
			path = Views;
			sourceTree = "<group>";
		};
		F37D68762364D571002D9BA4 /* Home */ = {
			isa = PBXGroup;
			children = (
				F342AB592363EE6E001BFA6A /* Presentation */,
				F342AB582363EE66001BFA6A /* Domain */,
				F342AB572363EE60001BFA6A /* Data */,
			);
			path = Home;
			sourceTree = "<group>";
		};
		F37D68772364D57F002D9BA4 /* Detail */ = {
			isa = PBXGroup;
			children = (
				F37D688A2364D616002D9BA4 /* Presentation */,
				F37D68892364D60C002D9BA4 /* Domain */,
			);
			path = Detail;
			sourceTree = "<group>";
		};
		F37D68892364D60C002D9BA4 /* Domain */ = {
			isa = PBXGroup;
			children = (
				F3FAE0BA236507610036E0CA /* AlbumDetailInteractor.swift */,
			);
			path = Domain;
			sourceTree = "<group>";
		};
		F37D688A2364D616002D9BA4 /* Presentation */ = {
			isa = PBXGroup;
			children = (
				F37D688C2364D6E2002D9BA4 /* Views */,
				F3FAE0B8236507610036E0CA /* AlbumDetailRouter.swift */,
				F3FAE0B9236507610036E0CA /* AlbumDetailViewController.swift */,
				F35A70CD2366EB61001FC52C /* AlbumDetailViewController+extensions.swift */,
			);
			path = Presentation;
			sourceTree = "<group>";
		};
		F37D688C2364D6E2002D9BA4 /* Views */ = {
			isa = PBXGroup;
			children = (
				F37D688D2364D6F5002D9BA4 /* DetailView.swift */,
			);
			path = Views;
			sourceTree = "<group>";
		};
/* End PBXGroup section */

/* Begin PBXNativeTarget section */
		F342AB212363DD05001BFA6A /* Albums-Challenge */ = {
			isa = PBXNativeTarget;
			buildConfigurationList = F342AB412363DD07001BFA6A /* Build configuration list for PBXNativeTarget "Albums-Challenge" */;
			buildPhases = (
				F342AB1E2363DD05001BFA6A /* Sources */,
				F342AB1F2363DD05001BFA6A /* Frameworks */,
				F342AB202363DD05001BFA6A /* Resources */,
			);
			buildRules = (
			);
			dependencies = (
			);
			name = "Albums-Challenge";
			productName = "Albums-Challenge";
			productReference = F342AB222363DD05001BFA6A /* Albums-Challenge.app */;
			productType = "com.apple.product-type.application";
		};
		F342AB372363DD07001BFA6A /* Albums-ChallengeTests */ = {
			isa = PBXNativeTarget;
			buildConfigurationList = F342AB442363DD07001BFA6A /* Build configuration list for PBXNativeTarget "Albums-ChallengeTests" */;
			buildPhases = (
				F342AB342363DD07001BFA6A /* Sources */,
				F342AB352363DD07001BFA6A /* Frameworks */,
				F342AB362363DD07001BFA6A /* Resources */,
			);
			buildRules = (
			);
			dependencies = (
				F342AB3A2363DD07001BFA6A /* PBXTargetDependency */,
			);
			name = "Albums-ChallengeTests";
			productName = "Albums-ChallengeTests";
			productReference = F342AB382363DD07001BFA6A /* Albums-ChallengeTests.xctest */;
			productType = "com.apple.product-type.bundle.unit-test";
		};
/* End PBXNativeTarget section */

/* Begin PBXProject section */
		F342AB1A2363DD05001BFA6A /* Project object */ = {
			isa = PBXProject;
			attributes = {
				LastSwiftUpdateCheck = 1110;
				LastUpgradeCheck = 1110;
				ORGANIZATIONNAME = "Nick iOS";
				TargetAttributes = {
					F342AB212363DD05001BFA6A = {
						CreatedOnToolsVersion = 11.1;
					};
					F342AB372363DD07001BFA6A = {
						CreatedOnToolsVersion = 11.1;
						TestTargetID = F342AB212363DD05001BFA6A;
					};
				};
			};
			buildConfigurationList = F342AB1D2363DD05001BFA6A /* Build configuration list for PBXProject "Albums-Challenge" */;
			compatibilityVersion = "Xcode 9.3";
			developmentRegion = en;
			hasScannedForEncodings = 0;
			knownRegions = (
				en,
				Base,
			);
			mainGroup = F342AB192363DD05001BFA6A;
			productRefGroup = F342AB232363DD05001BFA6A /* Products */;
			projectDirPath = "";
			projectRoot = "";
			targets = (
				F342AB212363DD05001BFA6A /* Albums-Challenge */,
				F342AB372363DD07001BFA6A /* Albums-ChallengeTests */,
			);
		};
/* End PBXProject section */

/* Begin PBXResourcesBuildPhase section */
		F342AB202363DD05001BFA6A /* Resources */ = {
			isa = PBXResourcesBuildPhase;
			buildActionMask = 2147483647;
			files = (
				F342AB322363DD06001BFA6A /* LaunchScreen.storyboard in Resources */,
				F342AB2F2363DD06001BFA6A /* Assets.xcassets in Resources */,
			);
			runOnlyForDeploymentPostprocessing = 0;
		};
		F342AB362363DD07001BFA6A /* Resources */ = {
			isa = PBXResourcesBuildPhase;
			buildActionMask = 2147483647;
			files = (
			);
			runOnlyForDeploymentPostprocessing = 0;
		};
/* End PBXResourcesBuildPhase section */

/* Begin PBXSourcesBuildPhase section */
		F342AB1E2363DD05001BFA6A /* Sources */ = {
			isa = PBXSourcesBuildPhase;
			buildActionMask = 2147483647;
			files = (
				F342AB2A2363DD05001BFA6A /* ViewController.swift in Sources */,
				F3FAE0BF236507610036E0CA /* AlbumDetailRouter.swift in Sources */,
				F37D686B236400C5002D9BA4 /* Loading.swift in Sources */,
				F37D687523642083002D9BA4 /* HomeViewController+TableView.swift in Sources */,
				F342AB262363DD05001BFA6A /* AppDelegate.swift in Sources */,
				F35A70D12366EF21001FC52C /* Constants.swift in Sources */,
				F3FAE0C0236507610036E0CA /* AlbumDetailViewController.swift in Sources */,
				F342AB532363ECD5001BFA6A /* HomeRouter.swift in Sources */,
				F342AB542363ECD5001BFA6A /* HomeViewController.swift in Sources */,
				F37D68682363FEE9002D9BA4 /* NetworkManager.swift in Sources */,
				F3FAE0C1236507610036E0CA /* AlbumDetailInteractor.swift in Sources */,
				F37D685D2363F400002D9BA4 /* Feed.swift in Sources */,
				F37D687323641683002D9BA4 /* AlbumCell.swift in Sources */,
				F35A70CC2366EA35001FC52C /* ImageCache.swift in Sources */,
				F37D685B2363F366002D9BA4 /* Response.swift in Sources */,
				F37D685F2363F4A3002D9BA4 /* Author.swift in Sources */,
				F342AB522363ECD5001BFA6A /* HomeUseCases.swift in Sources */,
				F342AB282363DD05001BFA6A /* SceneDelegate.swift in Sources */,
				F37D68642363F6C8002D9BA4 /* Genres.swift in Sources */,
				F37D688E2364D6F5002D9BA4 /* DetailView.swift in Sources */,
				F37D686D23641266002D9BA4 /* AlbumView.swift in Sources */,
				F37D6870236413B2002D9BA4 /* UIView.swift in Sources */,
				F37D68662363F770002D9BA4 /* Links.swift in Sources */,
				F37D68612363F560002D9BA4 /* Albums.swift in Sources */,
				F342AB552363ECD5001BFA6A /* HomeInteractor.swift in Sources */,
				F342AB512363ECD5001BFA6A /* HomeWorker.swift in Sources */,
				F342AB502363ECD5001BFA6A /* HomePresenter.swift in Sources */,
				F35A70CA2366E9CB001FC52C /* CustomImageView.swift in Sources */,
				F35A70CE2366EB61001FC52C /* AlbumDetailViewController+extensions.swift in Sources */,
			);
			runOnlyForDeploymentPostprocessing = 0;
		};
		F342AB342363DD07001BFA6A /* Sources */ = {
			isa = PBXSourcesBuildPhase;
			buildActionMask = 2147483647;
			files = (
				F342AB3D2363DD07001BFA6A /* Albums_ChallengeTests.swift in Sources */,
			);
			runOnlyForDeploymentPostprocessing = 0;
		};
/* End PBXSourcesBuildPhase section */

/* Begin PBXTargetDependency section */
		F342AB3A2363DD07001BFA6A /* PBXTargetDependency */ = {
			isa = PBXTargetDependency;
			target = F342AB212363DD05001BFA6A /* Albums-Challenge */;
			targetProxy = F342AB392363DD07001BFA6A /* PBXContainerItemProxy */;
		};
/* End PBXTargetDependency section */

/* Begin PBXVariantGroup section */
		F342AB302363DD06001BFA6A /* LaunchScreen.storyboard */ = {
			isa = PBXVariantGroup;
			children = (
				F342AB312363DD06001BFA6A /* Base */,
			);
			name = LaunchScreen.storyboard;
			sourceTree = "<group>";
		};
/* End PBXVariantGroup section */

/* Begin XCBuildConfiguration section */
		F342AB3F2363DD07001BFA6A /* Debug */ = {
			isa = XCBuildConfiguration;
			buildSettings = {
				ALWAYS_SEARCH_USER_PATHS = NO;
				CLANG_ANALYZER_NONNULL = YES;
				CLANG_ANALYZER_NUMBER_OBJECT_CONVERSION = YES_AGGRESSIVE;
				CLANG_CXX_LANGUAGE_STANDARD = "gnu++14";
				CLANG_CXX_LIBRARY = "libc++";
				CLANG_ENABLE_MODULES = YES;
				CLANG_ENABLE_OBJC_ARC = YES;
				CLANG_ENABLE_OBJC_WEAK = YES;
				CLANG_WARN_BLOCK_CAPTURE_AUTORELEASING = YES;
				CLANG_WARN_BOOL_CONVERSION = YES;
				CLANG_WARN_COMMA = YES;
				CLANG_WARN_CONSTANT_CONVERSION = YES;
				CLANG_WARN_DEPRECATED_OBJC_IMPLEMENTATIONS = YES;
				CLANG_WARN_DIRECT_OBJC_ISA_USAGE = YES_ERROR;
				CLANG_WARN_DOCUMENTATION_COMMENTS = YES;
				CLANG_WARN_EMPTY_BODY = YES;
				CLANG_WARN_ENUM_CONVERSION = YES;
				CLANG_WARN_INFINITE_RECURSION = YES;
				CLANG_WARN_INT_CONVERSION = YES;
				CLANG_WARN_NON_LITERAL_NULL_CONVERSION = YES;
				CLANG_WARN_OBJC_IMPLICIT_RETAIN_SELF = YES;
				CLANG_WARN_OBJC_LITERAL_CONVERSION = YES;
				CLANG_WARN_OBJC_ROOT_CLASS = YES_ERROR;
				CLANG_WARN_RANGE_LOOP_ANALYSIS = YES;
				CLANG_WARN_STRICT_PROTOTYPES = YES;
				CLANG_WARN_SUSPICIOUS_MOVE = YES;
				CLANG_WARN_UNGUARDED_AVAILABILITY = YES_AGGRESSIVE;
				CLANG_WARN_UNREACHABLE_CODE = YES;
				CLANG_WARN__DUPLICATE_METHOD_MATCH = YES;
				COPY_PHASE_STRIP = NO;
				DEBUG_INFORMATION_FORMAT = dwarf;
				ENABLE_STRICT_OBJC_MSGSEND = YES;
				ENABLE_TESTABILITY = YES;
				GCC_C_LANGUAGE_STANDARD = gnu11;
				GCC_DYNAMIC_NO_PIC = NO;
				GCC_NO_COMMON_BLOCKS = YES;
				GCC_OPTIMIZATION_LEVEL = 0;
				GCC_PREPROCESSOR_DEFINITIONS = (
					"DEBUG=1",
					"$(inherited)",
				);
				GCC_WARN_64_TO_32_BIT_CONVERSION = YES;
				GCC_WARN_ABOUT_RETURN_TYPE = YES_ERROR;
				GCC_WARN_UNDECLARED_SELECTOR = YES;
				GCC_WARN_UNINITIALIZED_AUTOS = YES_AGGRESSIVE;
				GCC_WARN_UNUSED_FUNCTION = YES;
				GCC_WARN_UNUSED_VARIABLE = YES;
				IPHONEOS_DEPLOYMENT_TARGET = 13.1;
				MTL_ENABLE_DEBUG_INFO = INCLUDE_SOURCE;
				MTL_FAST_MATH = YES;
				ONLY_ACTIVE_ARCH = YES;
				SDKROOT = iphoneos;
				SWIFT_ACTIVE_COMPILATION_CONDITIONS = DEBUG;
				SWIFT_OPTIMIZATION_LEVEL = "-Onone";
			};
			name = Debug;
		};
		F342AB402363DD07001BFA6A /* Release */ = {
			isa = XCBuildConfiguration;
			buildSettings = {
				ALWAYS_SEARCH_USER_PATHS = NO;
				CLANG_ANALYZER_NONNULL = YES;
				CLANG_ANALYZER_NUMBER_OBJECT_CONVERSION = YES_AGGRESSIVE;
				CLANG_CXX_LANGUAGE_STANDARD = "gnu++14";
				CLANG_CXX_LIBRARY = "libc++";
				CLANG_ENABLE_MODULES = YES;
				CLANG_ENABLE_OBJC_ARC = YES;
				CLANG_ENABLE_OBJC_WEAK = YES;
				CLANG_WARN_BLOCK_CAPTURE_AUTORELEASING = YES;
				CLANG_WARN_BOOL_CONVERSION = YES;
				CLANG_WARN_COMMA = YES;
				CLANG_WARN_CONSTANT_CONVERSION = YES;
				CLANG_WARN_DEPRECATED_OBJC_IMPLEMENTATIONS = YES;
				CLANG_WARN_DIRECT_OBJC_ISA_USAGE = YES_ERROR;
				CLANG_WARN_DOCUMENTATION_COMMENTS = YES;
				CLANG_WARN_EMPTY_BODY = YES;
				CLANG_WARN_ENUM_CONVERSION = YES;
				CLANG_WARN_INFINITE_RECURSION = YES;
				CLANG_WARN_INT_CONVERSION = YES;
				CLANG_WARN_NON_LITERAL_NULL_CONVERSION = YES;
				CLANG_WARN_OBJC_IMPLICIT_RETAIN_SELF = YES;
				CLANG_WARN_OBJC_LITERAL_CONVERSION = YES;
				CLANG_WARN_OBJC_ROOT_CLASS = YES_ERROR;
				CLANG_WARN_RANGE_LOOP_ANALYSIS = YES;
				CLANG_WARN_STRICT_PROTOTYPES = YES;
				CLANG_WARN_SUSPICIOUS_MOVE = YES;
				CLANG_WARN_UNGUARDED_AVAILABILITY = YES_AGGRESSIVE;
				CLANG_WARN_UNREACHABLE_CODE = YES;
				CLANG_WARN__DUPLICATE_METHOD_MATCH = YES;
				COPY_PHASE_STRIP = NO;
				DEBUG_INFORMATION_FORMAT = "dwarf-with-dsym";
				ENABLE_NS_ASSERTIONS = NO;
				ENABLE_STRICT_OBJC_MSGSEND = YES;
				GCC_C_LANGUAGE_STANDARD = gnu11;
				GCC_NO_COMMON_BLOCKS = YES;
				GCC_WARN_64_TO_32_BIT_CONVERSION = YES;
				GCC_WARN_ABOUT_RETURN_TYPE = YES_ERROR;
				GCC_WARN_UNDECLARED_SELECTOR = YES;
				GCC_WARN_UNINITIALIZED_AUTOS = YES_AGGRESSIVE;
				GCC_WARN_UNUSED_FUNCTION = YES;
				GCC_WARN_UNUSED_VARIABLE = YES;
				IPHONEOS_DEPLOYMENT_TARGET = 13.1;
				MTL_ENABLE_DEBUG_INFO = NO;
				MTL_FAST_MATH = YES;
				SDKROOT = iphoneos;
				SWIFT_COMPILATION_MODE = wholemodule;
				SWIFT_OPTIMIZATION_LEVEL = "-O";
				VALIDATE_PRODUCT = YES;
			};
			name = Release;
		};
		F342AB422363DD07001BFA6A /* Debug */ = {
			isa = XCBuildConfiguration;
			buildSettings = {
				ASSETCATALOG_COMPILER_APPICON_NAME = AppIcon;
				CODE_SIGN_STYLE = Automatic;
				DEVELOPMENT_TEAM = 2FYVM8W5U8;
				INFOPLIST_FILE = "Albums-Challenge/Info.plist";
				LD_RUNPATH_SEARCH_PATHS = (
					"$(inherited)",
					"@executable_path/Frameworks",
				);
				PRODUCT_BUNDLE_IDENTIFIER = "com.nivardoibarra.com.Albums-Challenge";
				PRODUCT_NAME = "$(TARGET_NAME)";
				SWIFT_VERSION = 5.0;
				TARGETED_DEVICE_FAMILY = "1,2";
			};
			name = Debug;
		};
		F342AB432363DD07001BFA6A /* Release */ = {
			isa = XCBuildConfiguration;
			buildSettings = {
				ASSETCATALOG_COMPILER_APPICON_NAME = AppIcon;
				CODE_SIGN_STYLE = Automatic;
				DEVELOPMENT_TEAM = 2FYVM8W5U8;
				INFOPLIST_FILE = "Albums-Challenge/Info.plist";
				LD_RUNPATH_SEARCH_PATHS = (
					"$(inherited)",
					"@executable_path/Frameworks",
				);
				PRODUCT_BUNDLE_IDENTIFIER = "com.nivardoibarra.com.Albums-Challenge";
				PRODUCT_NAME = "$(TARGET_NAME)";
				SWIFT_VERSION = 5.0;
				TARGETED_DEVICE_FAMILY = "1,2";
			};
			name = Release;
		};
		F342AB452363DD07001BFA6A /* Debug */ = {
			isa = XCBuildConfiguration;
			buildSettings = {
				ALWAYS_EMBED_SWIFT_STANDARD_LIBRARIES = YES;
				BUNDLE_LOADER = "$(TEST_HOST)";
				CODE_SIGN_STYLE = Automatic;
				INFOPLIST_FILE = "Albums-ChallengeTests/Info.plist";
				IPHONEOS_DEPLOYMENT_TARGET = 13.1;
				LD_RUNPATH_SEARCH_PATHS = (
					"$(inherited)",
					"@executable_path/Frameworks",
					"@loader_path/Frameworks",
				);
				PRODUCT_BUNDLE_IDENTIFIER = "com.nivardoibarra.com.Albums-ChallengeTests";
				PRODUCT_NAME = "$(TARGET_NAME)";
				SWIFT_VERSION = 5.0;
				TARGETED_DEVICE_FAMILY = "1,2";
				TEST_HOST = "$(BUILT_PRODUCTS_DIR)/Albums-Challenge.app/Albums-Challenge";
			};
			name = Debug;
		};
		F342AB462363DD07001BFA6A /* Release */ = {
			isa = XCBuildConfiguration;
			buildSettings = {
				ALWAYS_EMBED_SWIFT_STANDARD_LIBRARIES = YES;
				BUNDLE_LOADER = "$(TEST_HOST)";
				CODE_SIGN_STYLE = Automatic;
				INFOPLIST_FILE = "Albums-ChallengeTests/Info.plist";
				IPHONEOS_DEPLOYMENT_TARGET = 13.1;
				LD_RUNPATH_SEARCH_PATHS = (
					"$(inherited)",
					"@executable_path/Frameworks",
					"@loader_path/Frameworks",
				);
				PRODUCT_BUNDLE_IDENTIFIER = "com.nivardoibarra.com.Albums-ChallengeTests";
				PRODUCT_NAME = "$(TARGET_NAME)";
				SWIFT_VERSION = 5.0;
				TARGETED_DEVICE_FAMILY = "1,2";
				TEST_HOST = "$(BUILT_PRODUCTS_DIR)/Albums-Challenge.app/Albums-Challenge";
			};
			name = Release;
		};
/* End XCBuildConfiguration section */

/* Begin XCConfigurationList section */
		F342AB1D2363DD05001BFA6A /* Build configuration list for PBXProject "Albums-Challenge" */ = {
			isa = XCConfigurationList;
			buildConfigurations = (
				F342AB3F2363DD07001BFA6A /* Debug */,
				F342AB402363DD07001BFA6A /* Release */,
			);
			defaultConfigurationIsVisible = 0;
			defaultConfigurationName = Release;
		};
		F342AB412363DD07001BFA6A /* Build configuration list for PBXNativeTarget "Albums-Challenge" */ = {
			isa = XCConfigurationList;
			buildConfigurations = (
				F342AB422363DD07001BFA6A /* Debug */,
				F342AB432363DD07001BFA6A /* Release */,
			);
			defaultConfigurationIsVisible = 0;
			defaultConfigurationName = Release;
		};
		F342AB442363DD07001BFA6A /* Build configuration list for PBXNativeTarget "Albums-ChallengeTests" */ = {
			isa = XCConfigurationList;
			buildConfigurations = (
				F342AB452363DD07001BFA6A /* Debug */,
				F342AB462363DD07001BFA6A /* Release */,
			);
			defaultConfigurationIsVisible = 0;
			defaultConfigurationName = Release;
		};
/* End XCConfigurationList section */
	};
	rootObject = F342AB1A2363DD05001BFA6A /* Project object */;
}
